
Microsoft Visual Studio Solution File, Format Version 12.00
# Visual Studio Version 17
VisualStudioVersion = 17.14.36203.30
MinimumVisualStudioVersion = 10.0.40219.1
Project("{FAE04EC0-301F-11D3-BF4B-00C04F79EFBC}") = "LINQProjects", "LINQProjects\LINQProjects.csproj", "{81EBF70C-A818-440F-A8AC-D3F92C100958}"
EndProject
Global
	GlobalSection(SolutionConfigurationPlatforms) = preSolution
		Debug|Any CPU = Debug|Any CPU
		Release|Any CPU = Release|Any CPU
	EndGlobalSection
	GlobalSection(ProjectConfigurationPlatforms) = postSolution
		{81EBF70C-A818-440F-A8AC-D3F92C100958}.Debug|Any CPU.ActiveCfg = Debug|Any CPU
		{81EBF70C-A818-440F-A8AC-D3F92C100958}.Debug|Any CPU.Build.0 = Debug|Any CPU
		{81EBF70C-A818-440F-A8AC-D3F92C100958}.Release|Any CPU.ActiveCfg = Release|Any CPU
		{81EBF70C-A818-440F-A8AC-D3F92C100958}.Release|Any CPU.Build.0 = Release|Any CPU
	EndGlobalSection
	GlobalSection(SolutionProperties) = preSolution
		HideSolutionNode = FALSE
	EndGlobalSection
	GlobalSection(ExtensibilityGlobals) = postSolution
		SolutionGuid = {EECA2D56-BC52-4DE7-BD9A-A7B0B83D508B}
	EndGlobalSection
EndGlobal
